
Microsoft Visual Studio Solution File, Format Version 12.00
# Visual Studio Version 17
VisualStudioVersion = 17.10.34928.147
MinimumVisualStudioVersion = 10.0.40219.1
Project("{FAE04EC0-301F-11D3-BF4B-00C04F79EFBC}") = "uml_hw_two", "uml_hw_two.csproj", "{C1AF5309-58B5-4678-B2C2-C077AA6DA561}"
EndProject
Global
	GlobalSection(SolutionConfigurationPlatforms) = preSolution
		Debug|Any CPU = Debug|Any CPU
		Release|Any CPU = Release|Any CPU
	EndGlobalSection
	GlobalSection(ProjectConfigurationPlatforms) = postSolution
		{C1AF5309-58B5-4678-B2C2-C077AA6DA561}.Debug|Any CPU.ActiveCfg = Debug|Any CPU
		{C1AF5309-58B5-4678-B2C2-C077AA6DA561}.Debug|Any CPU.Build.0 = Debug|Any CPU
		{C1AF5309-58B5-4678-B2C2-C077AA6DA561}.Release|Any CPU.ActiveCfg = Release|Any CPU
		{C1AF5309-58B5-4678-B2C2-C077AA6DA561}.Release|Any CPU.Build.0 = Release|Any CPU
	EndGlobalSection
	GlobalSection(SolutionProperties) = preSolution
		HideSolutionNode = FALSE
	EndGlobalSection
	GlobalSection(ExtensibilityGlobals) = postSolution
		SolutionGuid = {89EB43E5-9D55-41A3-8842-BD4D5BBD5617}
	EndGlobalSection
EndGlobal
